hash: 0d3f68876af5921462188a64633d99708b49361da2d8b7a8f0bac544ce21cc3a
updated: 2018-07-11T09:50:46.462036614-04:00
imports:
- name: github.com/davecgh/go-spew
  version: 8991bc29aa16c548c550c7ff78260e27b9ab7c73
  subpackages:
  - spew
- name: github.com/dgrijalva/jwt-go
  version: 06ea1031745cb8b3dab3f6a236daf2b0aa468b7e
- name: github.com/golang/protobuf
  version: 0cb4f732569330e7b40d8fcee91c41aafaaddc4f
  subpackages:
  - proto
  - ptypes
  - ptypes/any
  - ptypes/duration
  - ptypes/timestamp
- name: github.com/gorilla/schema
  version: e0e4b92809ac79a1a465c2f626c34b121e0916bd
- name: github.com/gorilla/websocket
  version: 5ed622c449da6d44c3c8329331ff47a9e5844f71
- name: github.com/hashicorp/go-hclog
  version: ff2cf002a8dd750586d91dddd4470c341f981fe1
- name: github.com/hashicorp/go-plugin
  version: e8d22c780116115ae5624720c9af0c97afe4f551
- name: github.com/hashicorp/yamux
  version: 3520598351bb3500a49ae9563f5539666ae0a27c
- name: github.com/mattermost/mattermost-server
  version: 6c7dc2d29ccac5f9925402f6be1a4c2a3c46c005
  subpackages:
  - model
  - plugin
  - plugin/plugintest
  - plugin/plugintest/mock
  - mlog
  - utils/jsonutils
  - utils/markdown
- name: github.com/mitchellh/go-testing-interface
  version: a61a99592b77c9ba629d254a693acffaeb4b7e28
- name: github.com/nicksnyder/go-i18n
  version: f6ac3d9cf0c4b6a32527779e992ebde26bd3d948
  subpackages:
  - i18n
  - i18n/bundle
  - i18n/language
  - i18n/translation
- name: github.com/oklog/run
  version: 6934b124db28979da51d3470dadfa34d73d72652
- name: github.com/pborman/uuid
  version: c65b2f87fee37d1c7854c9164a450713c28d50cd
- name: github.com/pelletier/go-toml
  version: 603baefff989777996bf283da430d693e78eba3a
- name: github.com/pkg/errors
  version: 816c9085562cd7ee03e7f8188a1cfd942858cded
- name: github.com/pmezard/go-difflib
  version: 792786c7400a136282c1664665ae0a8db921c6c2
  subpackages:
  - difflib
- name: github.com/stretchr/objx
  version: b8b73a35e9830ae509858c10dec5866b4d5c8bff
- name: github.com/stretchr/testify
  version: f35b8ab0b5a2cef36673838d662e249dd9c94686
  subpackages:
  - mock
  - assert
- name: go.uber.org/atomic
  version: 1ea20fb1cbb1cc08cbd0d913a96dead89aa18289
- name: go.uber.org/multierr
  version: 3c4937480c32f4c13a875a1829af76c98ca3d40a
- name: go.uber.org/zap
  version: 7e7e266a8dbce911a49554b945538c5b950196b8
  subpackages:
  - zapcore
  - internal/bufferpool
  - buffer
  - internal/color
  - internal/exit
- name: golang.org/x/crypto
  version: a49355c7e3f8fe157a85be2f77e6e269a0f89602
  subpackages:
  - bcrypt
  - blowfish
- name: golang.org/x/net
  version: 039a4258aec0ad3c79b905677cceeab13b296a77
  subpackages:
  - context
  - http2
  - trace
  - http/httpguts
  - http2/hpack
  - idna
  - internal/timeseries
- name: golang.org/x/sys
  version: 1b2967e3c290b7c545b3db0deeda16e9be4f98a2
  subpackages:
  - unix
- name: golang.org/x/text
  version: 0605a8320aceb4207a5fb3521281e17ec2075476
  subpackages:
  - secure/bidirule
  - unicode/bidi
  - unicode/norm
  - transform
- name: google.golang.org/genproto
  version: e92b116572682a5b432ddd840aeaba2a559eeff1
  subpackages:
  - googleapis/rpc/status
- name: google.golang.org/grpc
  version: e85134fd65e717da1238355b4f97ee40f81e686b
  subpackages:
  - credentials
  - health
  - health/grpc_health_v1
  - balancer
  - balancer/roundrobin
  - codes
  - connectivity
  - encoding
  - encoding/proto
  - grpclog
  - internal
  - internal/backoff
  - internal/channelz
  - internal/envconfig
  - internal/grpcrand
  - keepalive
  - metadata
  - naming
  - peer
  - resolver
  - resolver/dns
  - resolver/passthrough
  - stats
  - status
  - tap
  - transport
  - balancer/base
- name: gopkg.in/natefinch/lumberjack.v2
  version: a96e63847dc3c67d17befa69c303767e2f84e54f
- name: gopkg.in/yaml.v2
  version: 5420a8b6744d3b0345ab293f6fcba19c978f1183
testImports: []
